
Microsoft Visual Studio Solution File, Format Version 12.00
# Visual Studio 2015
Project("{FAE04EC0-301F-11D3-BF4B-00C04F79EFBC}") = "JogoFelpix2D.CSharp", "JogoFelpix2D.CSharp.csproj", "{BD43E72F-7A9F-38C8-200E-02C272BB88E7}"
EndProject
Global
	GlobalSection(SolutionConfigurationPlatforms) = preSolution
		Debug|Any CPU = Debug|Any CPU
		Release|Any CPU = Release|Any CPU
	EndGlobalSection
	GlobalSection(ProjectConfigurationPlatforms) = postSolution
		{BD43E72F-7A9F-38C8-200E-02C272BB88E7}.Debug|Any CPU.ActiveCfg = Debug|Any CPU
		{BD43E72F-7A9F-38C8-200E-02C272BB88E7}.Debug|Any CPU.Build.0 = Debug|Any CPU
		{BD43E72F-7A9F-38C8-200E-02C272BB88E7}.Release|Any CPU.ActiveCfg = Release|Any CPU
		{BD43E72F-7A9F-38C8-200E-02C272BB88E7}.Release|Any CPU.Build.0 = Release|Any CPU
	EndGlobalSection
	GlobalSection(SolutionProperties) = preSolution
		HideSolutionNode = FALSE
	EndGlobalSection
EndGlobal
